# @generated - this file is auto-generated by `mise lock` https://mise.en.dev/dev-tools/mise-lock.html

[[tools.aube]]
version = "1.25.1"
backend = "aqua:jdx/aube"

[tools.aube."platforms.linux-arm64"]
checksum = "sha256:c7efb8a0ebd8d83ac8a1c96d388b582fd2f28bae80ed81b3786e2a63d871babe"
url = "https://github.com/jdx/aube/releases/download/v1.25.1/aube-v1.25.1-aarch64-unknown-linux-gnu.tar.gz"
provenance = "github-attestations"

[tools.aube."platforms.linux-arm64-musl"]
checksum = "sha256:e5d374a6f12e0b7b71dada6e20a3a6d5e6698f235701b0ab13d2909de14592f9"
url = "https://github.com/jdx/aube/releases/download/v1.25.1/aube-v1.25.1-aarch64-unknown-linux-musl.tar.gz"
provenance = "github-attestations"

[tools.aube."platforms.linux-x64"]
checksum = "sha256:a17b12e647cf2e60998c8f6eddfb1c0d0375196fcc7c2bf05d5fc5305744638f"
url = "https://github.com/jdx/aube/releases/download/v1.25.1/aube-v1.25.1-x86_64-unknown-linux-gnu.tar.gz"
provenance = "github-attestations"

[tools.aube."platforms.linux-x64-baseline"]
checksum = "sha256:a17b12e647cf2e60998c8f6eddfb1c0d0375196fcc7c2bf05d5fc5305744638f"
url = "https://github.com/jdx/aube/releases/download/v1.25.1/aube-v1.25.1-x86_64-unknown-linux-gnu.tar.gz"
provenance = "github-attestations"

[tools.aube."platforms.linux-x64-musl"]
checksum = "sha256:7ee31f7a32dec01348e5a12e05d78f311c53ab7fb6667b19a41e182042d1c952"
url = "https://github.com/jdx/aube/releases/download/v1.25.1/aube-v1.25.1-x86_64-unknown-linux-musl.tar.gz"
provenance = "github-attestations"

[tools.aube."platforms.linux-x64-musl-baseline"]
checksum = "sha256:7ee31f7a32dec01348e5a12e05d78f311c53ab7fb6667b19a41e182042d1c952"
url = "https://github.com/jdx/aube/releases/download/v1.25.1/aube-v1.25.1-x86_64-unknown-linux-musl.tar.gz"
provenance = "github-attestations"

[tools.aube."platforms.macos-arm64"]
checksum = "sha256:3d99c9c6d9d20f271312db39c46022898d765b6a407574f59d6accb0a430ee32"
url = "https://github.com/jdx/aube/releases/download/v1.25.1/aube-v1.25.1-aarch64-apple-darwin.tar.gz"
provenance = "github-attestations"

[tools.aube."platforms.windows-x64"]
checksum = "sha256:924c879cc92782e3ae8eb0a941b1c5d8d4d8e2bed87822fe6ebe628d40b1f276"
url = "https://github.com/jdx/aube/releases/download/v1.25.1/aube-v1.25.1-x86_64-pc-windows-msvc.zip"
provenance = "github-attestations"

[tools.aube."platforms.windows-x64-baseline"]
checksum = "sha256:924c879cc92782e3ae8eb0a941b1c5d8d4d8e2bed87822fe6ebe628d40b1f276"
url = "https://github.com/jdx/aube/releases/download/v1.25.1/aube-v1.25.1-x86_64-pc-windows-msvc.zip"
provenance = "github-attestations"

[[tools.biome]]
version = "2.5.1"
backend = "aqua:biomejs/biome"

[tools.biome."platforms.linux-arm64"]
checksum = "sha256:d6bc3cf1e48e5ec631228f46ab783cb8564cef3078e124c72f7328981663f979"
url = "https://github.com/biomejs/biome/releases/download/%40biomejs/biome%402.5.1/biome-linux-arm64"
provenance = "github-attestations"

[tools.biome."platforms.linux-arm64-musl"]
checksum = "sha256:80a47021d9c8cc02c3a612ac2b012e0451143c90ba563c906b7dbb4261eaf55a"
url = "https://github.com/biomejs/biome/releases/download/%40biomejs/biome%402.5.1/biome-linux-arm64-musl"
provenance = "github-attestations"

[tools.biome."platforms.linux-x64"]
checksum = "sha256:beb442e5c9bea7f52ae6d6eb6ae4819388a8b590492d6706b9dfffca8088f066"
url = "https://github.com/biomejs/biome/releases/download/%40biomejs/biome%402.5.1/biome-linux-x64"
provenance = "github-attestations"

[tools.biome."platforms.linux-x64-baseline"]
checksum = "sha256:beb442e5c9bea7f52ae6d6eb6ae4819388a8b590492d6706b9dfffca8088f066"
url = "https://github.com/biomejs/biome/releases/download/%40biomejs/biome%402.5.1/biome-linux-x64"
provenance = "github-attestations"

[tools.biome."platforms.linux-x64-musl"]
checksum = "sha256:5cbcad4b0d118b6a39ed41c8a883d8a395d2bc23501309fd57057fefee96211d"
url = "https://github.com/biomejs/biome/releases/download/%40biomejs/biome%402.5.1/biome-linux-x64-musl"
provenance = "github-attestations"

[tools.biome."platforms.linux-x64-musl-baseline"]
checksum = "sha256:5cbcad4b0d118b6a39ed41c8a883d8a395d2bc23501309fd57057fefee96211d"
url = "https://github.com/biomejs/biome/releases/download/%40biomejs/biome%402.5.1/biome-linux-x64-musl"
provenance = "github-attestations"

[tools.biome."platforms.macos-arm64"]
checksum = "sha256:08fd07b53503fc433586eecb4eeb92491dba0b31dea0aa7dc158a935734a1c4c"
url = "https://github.com/biomejs/biome/releases/download/%40biomejs/biome%402.5.1/biome-darwin-arm64"
provenance = "github-attestations"

[tools.biome."platforms.macos-x64"]
checksum = "sha256:44cce7ced9643d03f0855ace64a32e7830af0eff0cf20677fc48a308db9a8c5e"
url = "https://github.com/biomejs/biome/releases/download/%40biomejs/biome%402.5.1/biome-darwin-x64"
provenance = "github-attestations"

[tools.biome."platforms.macos-x64-baseline"]
checksum = "sha256:44cce7ced9643d03f0855ace64a32e7830af0eff0cf20677fc48a308db9a8c5e"
url = "https://github.com/biomejs/biome/releases/download/%40biomejs/biome%402.5.1/biome-darwin-x64"
provenance = "github-attestations"

[tools.biome."platforms.windows-x64"]
checksum = "sha256:c176d3309e744c4f0d4f36c6c5a9bcd316ca977f48b874f777cd4223aa23d5ae"
url = "https://github.com/biomejs/biome/releases/download/%40biomejs/biome%402.5.1/biome-win32-x64.exe"
provenance = "github-attestations"

[tools.biome."platforms.windows-x64-baseline"]
checksum = "sha256:c176d3309e744c4f0d4f36c6c5a9bcd316ca977f48b874f777cd4223aa23d5ae"
url = "https://github.com/biomejs/biome/releases/download/%40biomejs/biome%402.5.1/biome-win32-x64.exe"
provenance = "github-attestations"

[[tools.bun]]
version = "1.3.14"
backend = "core:bun"

[tools.bun."platforms.linux-arm64"]
checksum = "sha256:a27ffb63a8310375836e0d6f668ae17fa8d8d18b88c37c821c65331973a19a3b"
url = "https://github.com/oven-sh/bun/releases/download/bun-v1.3.14/bun-linux-aarch64.zip"

[tools.bun."platforms.linux-arm64-musl"]
checksum = "sha256:b98e0ad3625c5c00d1d5b5ff55605c7adddbfae151861e68ade57b2d3b8703bb"
url = "https://github.com/oven-sh/bun/releases/download/bun-v1.3.14/bun-linux-aarch64-musl.zip"

[tools.bun."platforms.linux-x64"]
checksum = "sha256:951ee2aee855f08595aeec6225226a298d3fea83a3dcd6465c09cbccdf7e848f"
url = "https://github.com/oven-sh/bun/releases/download/bun-v1.3.14/bun-linux-x64.zip"

[tools.bun."platforms.linux-x64-baseline"]
checksum = "sha256:a063908ae08b7852ca10939bbdc6ceed3ddabce8fb9402dce83d65d73b36e6c7"
url = "https://github.com/oven-sh/bun/releases/download/bun-v1.3.14/bun-linux-x64-baseline.zip"

[tools.bun."platforms.linux-x64-musl"]
checksum = "sha256:14bd9aedeebf1dba67e8def9531c89bc989ecfdf1de42e5bfcaf1b8cd9294719"
url = "https://github.com/oven-sh/bun/releases/download/bun-v1.3.14/bun-linux-x64-musl.zip"

[tools.bun."platforms.linux-x64-musl-baseline"]
checksum = "sha256:56a7d6806cf155536c0178f0ea5fbd098e684fa509ebdb4fc0a7e19fb65382dc"
url = "https://github.com/oven-sh/bun/releases/download/bun-v1.3.14/bun-linux-x64-musl-baseline.zip"

[tools.bun."platforms.macos-arm64"]
checksum = "sha256:d8b96221828ad6f97ac7ac0ab7e95872341af763001e8803e8267652c2652620"
url = "https://github.com/oven-sh/bun/releases/download/bun-v1.3.14/bun-darwin-aarch64.zip"

[tools.bun."platforms.macos-x64"]
checksum = "sha256:4183df3374623e5bab315c547cfa0974533cd457d86b73b639f7a87974cd6633"
url = "https://github.com/oven-sh/bun/releases/download/bun-v1.3.14/bun-darwin-x64.zip"

[tools.bun."platforms.macos-x64-baseline"]
checksum = "sha256:3e35ad6f53971a9834bf9e6786e2adf72b5f1921cc9a9c5fde073d2972944076"
url = "https://github.com/oven-sh/bun/releases/download/bun-v1.3.14/bun-darwin-x64-baseline.zip"

[tools.bun."platforms.windows-x64"]
checksum = "sha256:0a0620930b6675d7ba440e81f4e0e00d3cfbe096c4b140d3fff02205e9e18922"
url = "https://github.com/oven-sh/bun/releases/download/bun-v1.3.14/bun-windows-x64.zip"

[tools.bun."platforms.windows-x64-baseline"]
checksum = "sha256:538f9c846355d9e847b2671bc00c47da4229a0befb24df3282b739770f3b475f"
url = "https://github.com/oven-sh/bun/releases/download/bun-v1.3.14/bun-windows-x64-baseline.zip"

[[tools.claude]]
version = "2.1.195"
backend = "aqua:anthropics/claude-code"

[tools.claude."platforms.linux-arm64"]
url = "https://storage.googleapis.com/claude-code-dist-86c565f3-f756-42ad-8dfa-d59b1c096819/claude-code-releases/2.1.195/linux-arm64/claude"

[tools.claude."platforms.linux-arm64-musl"]
url = "https://storage.googleapis.com/claude-code-dist-86c565f3-f756-42ad-8dfa-d59b1c096819/claude-code-releases/2.1.195/linux-arm64-musl/claude"

[tools.claude."platforms.linux-x64"]
url = "https://storage.googleapis.com/claude-code-dist-86c565f3-f756-42ad-8dfa-d59b1c096819/claude-code-releases/2.1.195/linux-x64/claude"

[tools.claude."platforms.linux-x64-baseline"]
url = "https://storage.googleapis.com/claude-code-dist-86c565f3-f756-42ad-8dfa-d59b1c096819/claude-code-releases/2.1.195/linux-x64/claude"

[tools.claude."platforms.linux-x64-musl"]
url = "https://storage.googleapis.com/claude-code-dist-86c565f3-f756-42ad-8dfa-d59b1c096819/claude-code-releases/2.1.195/linux-x64-musl/claude"

[tools.claude."platforms.linux-x64-musl-baseline"]
url = "https://storage.googleapis.com/claude-code-dist-86c565f3-f756-42ad-8dfa-d59b1c096819/claude-code-releases/2.1.195/linux-x64-musl/claude"

[tools.claude."platforms.macos-arm64"]
checksum = "blake3:daaca282da6d1f058334d0ffa3307e8e7b4484e83f36ca3e6c7393b5d9c3dc4a"
url = "https://storage.googleapis.com/claude-code-dist-86c565f3-f756-42ad-8dfa-d59b1c096819/claude-code-releases/2.1.195/darwin-arm64/claude"

[tools.claude."platforms.macos-x64"]
url = "https://storage.googleapis.com/claude-code-dist-86c565f3-f756-42ad-8dfa-d59b1c096819/claude-code-releases/2.1.195/darwin-x64/claude"

[tools.claude."platforms.macos-x64-baseline"]
url = "https://storage.googleapis.com/claude-code-dist-86c565f3-f756-42ad-8dfa-d59b1c096819/claude-code-releases/2.1.195/darwin-x64/claude"

[[tools.codex]]
version = "0.142.2"
backend = "aqua:openai/codex"

[tools.codex."platforms.linux-arm64"]
checksum = "sha256:880b61ed0871f862e3a281ad05fedfa1a90c0664de893d781b6b7517127ccaee"
url = "https://github.com/openai/codex/releases/download/rust-v0.142.2/codex-aarch64-unknown-linux-musl.zst"

[tools.codex."platforms.linux-arm64-musl"]
checksum = "sha256:880b61ed0871f862e3a281ad05fedfa1a90c0664de893d781b6b7517127ccaee"
url = "https://github.com/openai/codex/releases/download/rust-v0.142.2/codex-aarch64-unknown-linux-musl.zst"

[tools.codex."platforms.linux-x64"]
checksum = "sha256:b0eb5e450a2e0bab298db724e895b3f86881f3653b4f12042e24699c112bb322"
url = "https://github.com/openai/codex/releases/download/rust-v0.142.2/codex-x86_64-unknown-linux-musl.zst"

[tools.codex."platforms.linux-x64-baseline"]
checksum = "sha256:b0eb5e450a2e0bab298db724e895b3f86881f3653b4f12042e24699c112bb322"
url = "https://github.com/openai/codex/releases/download/rust-v0.142.2/codex-x86_64-unknown-linux-musl.zst"

[tools.codex."platforms.linux-x64-musl"]
checksum = "sha256:b0eb5e450a2e0bab298db724e895b3f86881f3653b4f12042e24699c112bb322"
url = "https://github.com/openai/codex/releases/download/rust-v0.142.2/codex-x86_64-unknown-linux-musl.zst"

[tools.codex."platforms.linux-x64-musl-baseline"]
checksum = "sha256:b0eb5e450a2e0bab298db724e895b3f86881f3653b4f12042e24699c112bb322"
url = "https://github.com/openai/codex/releases/download/rust-v0.142.2/codex-x86_64-unknown-linux-musl.zst"

[tools.codex."platforms.macos-arm64"]
checksum = "sha256:bda03bc5361a25a8a0315c336bb7ff22652ff5e5a0b2c17892876a9f0e2806d9"
url = "https://github.com/openai/codex/releases/download/rust-v0.142.2/codex-aarch64-apple-darwin.zst"

[tools.codex."platforms.macos-x64"]
checksum = "sha256:c574842008a4869495ae63c5ba3df5533f3c143d101d61965951a0ef5db6241b"
url = "https://github.com/openai/codex/releases/download/rust-v0.142.2/codex-x86_64-apple-darwin.zst"

[tools.codex."platforms.macos-x64-baseline"]
checksum = "sha256:c574842008a4869495ae63c5ba3df5533f3c143d101d61965951a0ef5db6241b"
url = "https://github.com/openai/codex/releases/download/rust-v0.142.2/codex-x86_64-apple-darwin.zst"

[tools.codex."platforms.windows-x64"]
checksum = "sha256:35ed3d1a8cac2a6c0fc5b72f7f1061c8dbac0d6e26e5f9553a3dba659e85a47d"
url = "https://github.com/openai/codex/releases/download/rust-v0.142.2/codex-x86_64-pc-windows-msvc.exe.zst"

[tools.codex."platforms.windows-x64-baseline"]
checksum = "sha256:35ed3d1a8cac2a6c0fc5b72f7f1061c8dbac0d6e26e5f9553a3dba659e85a47d"
url = "https://github.com/openai/codex/releases/download/rust-v0.142.2/codex-x86_64-pc-windows-msvc.exe.zst"

[[tools.deno]]
version = "2.9.0"
backend = "core:deno"

[tools.deno."platforms.linux-arm64"]
checksum = "sha256:a0f266eb189af2f27db0c6dcf9eb2f68ba2e8bbff1442c969ace398463f8b2bf"
url = "https://dl.deno.land/release/v2.9.0/deno-aarch64-unknown-linux-gnu.zip"

[tools.deno."platforms.linux-arm64-musl"]
checksum = "sha256:a0f266eb189af2f27db0c6dcf9eb2f68ba2e8bbff1442c969ace398463f8b2bf"
url = "https://dl.deno.land/release/v2.9.0/deno-aarch64-unknown-linux-gnu.zip"

[tools.deno."platforms.linux-x64"]
checksum = "sha256:96c9c73fc05ea57603bc28d8071d41e861bd40bcf2a9f849dd5969ed1a2c8498"
url = "https://dl.deno.land/release/v2.9.0/deno-x86_64-unknown-linux-gnu.zip"

[tools.deno."platforms.linux-x64-baseline"]
checksum = "sha256:96c9c73fc05ea57603bc28d8071d41e861bd40bcf2a9f849dd5969ed1a2c8498"
url = "https://dl.deno.land/release/v2.9.0/deno-x86_64-unknown-linux-gnu.zip"

[tools.deno."platforms.linux-x64-musl"]
checksum = "sha256:96c9c73fc05ea57603bc28d8071d41e861bd40bcf2a9f849dd5969ed1a2c8498"
url = "https://dl.deno.land/release/v2.9.0/deno-x86_64-unknown-linux-gnu.zip"

[tools.deno."platforms.linux-x64-musl-baseline"]
checksum = "sha256:96c9c73fc05ea57603bc28d8071d41e861bd40bcf2a9f849dd5969ed1a2c8498"
url = "https://dl.deno.land/release/v2.9.0/deno-x86_64-unknown-linux-gnu.zip"

[tools.deno."platforms.macos-arm64"]
checksum = "sha256:2d11cf0505d4600a4492de8d07456a7a5e7eedebf68bdcbcb9092f520fcde0f1"
url = "https://dl.deno.land/release/v2.9.0/deno-aarch64-apple-darwin.zip"

[tools.deno."platforms.macos-x64"]
checksum = "sha256:04f71604d738ef2a3b0c08d00743b1a6580fd65d0dab604da2f57f30f4c74b55"
url = "https://dl.deno.land/release/v2.9.0/deno-x86_64-apple-darwin.zip"

[tools.deno."platforms.macos-x64-baseline"]
checksum = "sha256:04f71604d738ef2a3b0c08d00743b1a6580fd65d0dab604da2f57f30f4c74b55"
url = "https://dl.deno.land/release/v2.9.0/deno-x86_64-apple-darwin.zip"

[tools.deno."platforms.windows-x64"]
checksum = "sha256:37e3a8e5f4ee360d08bbeec9ee07fdcaa9dcd1a39d4aeaac5807354aec557451"
url = "https://dl.deno.land/release/v2.9.0/deno-x86_64-pc-windows-msvc.zip"

[tools.deno."platforms.windows-x64-baseline"]
checksum = "sha256:37e3a8e5f4ee360d08bbeec9ee07fdcaa9dcd1a39d4aeaac5807354aec557451"
url = "https://dl.deno.land/release/v2.9.0/deno-x86_64-pc-windows-msvc.zip"

[[tools.dprint]]
version = "0.54.0"
backend = "aqua:dprint/dprint"

[tools.dprint."platforms.linux-arm64"]
checksum = "sha256:9a66b5931ca30402a3dd2933c432c6b6316eedd08037ab0aeb8d24cd17b2a301"
url = "https://github.com/dprint/dprint/releases/download/0.54.0/dprint-aarch64-unknown-linux-musl.zip"

[tools.dprint."platforms.linux-arm64-musl"]
checksum = "sha256:9a66b5931ca30402a3dd2933c432c6b6316eedd08037ab0aeb8d24cd17b2a301"
url = "https://github.com/dprint/dprint/releases/download/0.54.0/dprint-aarch64-unknown-linux-musl.zip"

[tools.dprint."platforms.linux-x64"]
checksum = "sha256:859ae94e596105201faa59a3fb4bedc8316e226e3e154ae410f9373461e1e41c"
url = "https://github.com/dprint/dprint/releases/download/0.54.0/dprint-x86_64-unknown-linux-musl.zip"

[tools.dprint."platforms.linux-x64-baseline"]
checksum = "sha256:859ae94e596105201faa59a3fb4bedc8316e226e3e154ae410f9373461e1e41c"
url = "https://github.com/dprint/dprint/releases/download/0.54.0/dprint-x86_64-unknown-linux-musl.zip"

[tools.dprint."platforms.linux-x64-musl"]
checksum = "sha256:859ae94e596105201faa59a3fb4bedc8316e226e3e154ae410f9373461e1e41c"
url = "https://github.com/dprint/dprint/releases/download/0.54.0/dprint-x86_64-unknown-linux-musl.zip"

[tools.dprint."platforms.linux-x64-musl-baseline"]
checksum = "sha256:859ae94e596105201faa59a3fb4bedc8316e226e3e154ae410f9373461e1e41c"
url = "https://github.com/dprint/dprint/releases/download/0.54.0/dprint-x86_64-unknown-linux-musl.zip"

[tools.dprint."platforms.macos-arm64"]
checksum = "sha256:1d6a8fb14d66cba0f049738edd4ab3b1afc1de6d936cd32e483e33284cfd1ade"
url = "https://github.com/dprint/dprint/releases/download/0.54.0/dprint-aarch64-apple-darwin.zip"

[tools.dprint."platforms.macos-x64"]
checksum = "sha256:fdbffa16cf0890ca30e958ffdabe7748e733867651a438ede1501f0e1a7b5e91"
url = "https://github.com/dprint/dprint/releases/download/0.54.0/dprint-x86_64-apple-darwin.zip"

[tools.dprint."platforms.macos-x64-baseline"]
checksum = "sha256:fdbffa16cf0890ca30e958ffdabe7748e733867651a438ede1501f0e1a7b5e91"
url = "https://github.com/dprint/dprint/releases/download/0.54.0/dprint-x86_64-apple-darwin.zip"

[tools.dprint."platforms.windows-x64"]
checksum = "sha256:3fd881acaf7fd4fbc5d07c3030ce79b965a4cb7128fe0eb1ebe725188ccd2715"
url = "https://github.com/dprint/dprint/releases/download/0.54.0/dprint-x86_64-pc-windows-msvc.zip"

[tools.dprint."platforms.windows-x64-baseline"]
checksum = "sha256:3fd881acaf7fd4fbc5d07c3030ce79b965a4cb7128fe0eb1ebe725188ccd2715"
url = "https://github.com/dprint/dprint/releases/download/0.54.0/dprint-x86_64-pc-windows-msvc.zip"

[[tools."github:Dashlane/dashlane-cli"]]
version = "6.2614.0"
backend = "github:Dashlane/dashlane-cli"

[tools."github:Dashlane/dashlane-cli"."platforms.linux-x64"]
checksum = "sha256:812e9cd0d118b4f25078f0d7f89e9afab989463ef83f0ff2d889c50b2e8ca0c5"
url = "https://github.com/Dashlane/dashlane-cli/releases/download/v6.2614.0/dcli-linux-x64"
url_api = "https://api.github.com/repos/Dashlane/dashlane-cli/releases/assets/396156029"

[tools."github:Dashlane/dashlane-cli"."platforms.linux-x64-baseline"]
checksum = "sha256:812e9cd0d118b4f25078f0d7f89e9afab989463ef83f0ff2d889c50b2e8ca0c5"
url = "https://github.com/Dashlane/dashlane-cli/releases/download/v6.2614.0/dcli-linux-x64"
url_api = "https://api.github.com/repos/Dashlane/dashlane-cli/releases/assets/396156029"

[tools."github:Dashlane/dashlane-cli"."platforms.linux-x64-musl"]
checksum = "sha256:812e9cd0d118b4f25078f0d7f89e9afab989463ef83f0ff2d889c50b2e8ca0c5"
url = "https://github.com/Dashlane/dashlane-cli/releases/download/v6.2614.0/dcli-linux-x64"
url_api = "https://api.github.com/repos/Dashlane/dashlane-cli/releases/assets/396156029"

[tools."github:Dashlane/dashlane-cli"."platforms.linux-x64-musl-baseline"]
checksum = "sha256:812e9cd0d118b4f25078f0d7f89e9afab989463ef83f0ff2d889c50b2e8ca0c5"
url = "https://github.com/Dashlane/dashlane-cli/releases/download/v6.2614.0/dcli-linux-x64"
url_api = "https://api.github.com/repos/Dashlane/dashlane-cli/releases/assets/396156029"

[tools."github:Dashlane/dashlane-cli"."platforms.macos-arm64"]
checksum = "sha256:46ea20a7b4d31b090ace1391f8a1c4e2ff2432bc55e0559ab50f3580067b4310"
url = "https://github.com/Dashlane/dashlane-cli/releases/download/v6.2614.0/dcli-macos-arm64"
url_api = "https://api.github.com/repos/Dashlane/dashlane-cli/releases/assets/396156026"

[tools."github:Dashlane/dashlane-cli"."platforms.macos-x64"]
checksum = "sha256:b8d14976843764829514ea7ec954d79f0efc4629d16c0ee7e78e9645c5d4215f"
url = "https://github.com/Dashlane/dashlane-cli/releases/download/v6.2614.0/dcli-macos-x64"
url_api = "https://api.github.com/repos/Dashlane/dashlane-cli/releases/assets/396156030"

[tools."github:Dashlane/dashlane-cli"."platforms.macos-x64-baseline"]
checksum = "sha256:b8d14976843764829514ea7ec954d79f0efc4629d16c0ee7e78e9645c5d4215f"
url = "https://github.com/Dashlane/dashlane-cli/releases/download/v6.2614.0/dcli-macos-x64"
url_api = "https://api.github.com/repos/Dashlane/dashlane-cli/releases/assets/396156030"

[tools."github:Dashlane/dashlane-cli"."platforms.windows-x64"]
checksum = "sha256:8434d26abeff403993ec16af93aa0d08d08c4668555c0ccd313f92be742f6c81"
url = "https://github.com/Dashlane/dashlane-cli/releases/download/v6.2614.0/dcli-win-x64.exe"
url_api = "https://api.github.com/repos/Dashlane/dashlane-cli/releases/assets/396156028"

[tools."github:Dashlane/dashlane-cli"."platforms.windows-x64-baseline"]
checksum = "sha256:8434d26abeff403993ec16af93aa0d08d08c4668555c0ccd313f92be742f6c81"
url = "https://github.com/Dashlane/dashlane-cli/releases/download/v6.2614.0/dcli-win-x64.exe"
url_api = "https://api.github.com/repos/Dashlane/dashlane-cli/releases/assets/396156028"

[[tools."github:earendil-works/pi"]]
version = "0.80.2"
backend = "github:earendil-works/pi"

[tools."github:earendil-works/pi"."platforms.linux-arm64"]
checksum = "sha256:0719ecf50a42cae79f4c6f0d4a62e08e8d4421788ccd050d08a5bbf35c88edf6"
url = "https://github.com/earendil-works/pi/releases/download/v0.80.2/pi-linux-arm64.tar.gz"
url_api = "https://api.github.com/repos/earendil-works/pi/releases/assets/456004080"

[tools."github:earendil-works/pi"."platforms.linux-arm64-musl"]
checksum = "sha256:0719ecf50a42cae79f4c6f0d4a62e08e8d4421788ccd050d08a5bbf35c88edf6"
url = "https://github.com/earendil-works/pi/releases/download/v0.80.2/pi-linux-arm64.tar.gz"
url_api = "https://api.github.com/repos/earendil-works/pi/releases/assets/456004080"

[tools."github:earendil-works/pi"."platforms.linux-x64"]
checksum = "sha256:2e68772bbeaacd73488751098193875389636b80589100609a29921ded71c984"
url = "https://github.com/earendil-works/pi/releases/download/v0.80.2/pi-linux-x64.tar.gz"
url_api = "https://api.github.com/repos/earendil-works/pi/releases/assets/456004076"

[tools."github:earendil-works/pi"."platforms.linux-x64-baseline"]
checksum = "sha256:2e68772bbeaacd73488751098193875389636b80589100609a29921ded71c984"
url = "https://github.com/earendil-works/pi/releases/download/v0.80.2/pi-linux-x64.tar.gz"
url_api = "https://api.github.com/repos/earendil-works/pi/releases/assets/456004076"

[tools."github:earendil-works/pi"."platforms.linux-x64-musl"]
checksum = "sha256:2e68772bbeaacd73488751098193875389636b80589100609a29921ded71c984"
url = "https://github.com/earendil-works/pi/releases/download/v0.80.2/pi-linux-x64.tar.gz"
url_api = "https://api.github.com/repos/earendil-works/pi/releases/assets/456004076"

[tools."github:earendil-works/pi"."platforms.linux-x64-musl-baseline"]
checksum = "sha256:2e68772bbeaacd73488751098193875389636b80589100609a29921ded71c984"
url = "https://github.com/earendil-works/pi/releases/download/v0.80.2/pi-linux-x64.tar.gz"
url_api = "https://api.github.com/repos/earendil-works/pi/releases/assets/456004076"

[tools."github:earendil-works/pi"."platforms.macos-arm64"]
checksum = "sha256:c7d125bbdebd863fa76d92274458ba0eb405e5cde39db34db1f49f767ed9f1dd"
url = "https://github.com/earendil-works/pi/releases/download/v0.80.2/pi-darwin-arm64.tar.gz"
url_api = "https://api.github.com/repos/earendil-works/pi/releases/assets/456004077"

[tools."github:earendil-works/pi"."platforms.macos-x64"]
checksum = "sha256:d4b6b62a0c34c0f2e4cb16ee6fd4f0086b86ad70e0488fd3daa9231216d84e2b"
url = "https://github.com/earendil-works/pi/releases/download/v0.80.2/pi-darwin-x64.tar.gz"
url_api = "https://api.github.com/repos/earendil-works/pi/releases/assets/456004078"

[tools."github:earendil-works/pi"."platforms.macos-x64-baseline"]
checksum = "sha256:d4b6b62a0c34c0f2e4cb16ee6fd4f0086b86ad70e0488fd3daa9231216d84e2b"
url = "https://github.com/earendil-works/pi/releases/download/v0.80.2/pi-darwin-x64.tar.gz"
url_api = "https://api.github.com/repos/earendil-works/pi/releases/assets/456004078"

[tools."github:earendil-works/pi"."platforms.windows-x64"]
checksum = "sha256:8064ba8196f2b0a90054cfa61ca7ae7236155c2fd5de30835a4b61ec4929b4d2"
url = "https://github.com/earendil-works/pi/releases/download/v0.80.2/pi-windows-x64.zip"
url_api = "https://api.github.com/repos/earendil-works/pi/releases/assets/456004079"

[tools."github:earendil-works/pi"."platforms.windows-x64-baseline"]
checksum = "sha256:8064ba8196f2b0a90054cfa61ca7ae7236155c2fd5de30835a4b61ec4929b4d2"
url = "https://github.com/earendil-works/pi/releases/download/v0.80.2/pi-windows-x64.zip"
url_api = "https://api.github.com/repos/earendil-works/pi/releases/assets/456004079"

[[tools."github:fioncat/otree"]]
version = "0.6.5"
backend = "github:fioncat/otree"

[tools."github:fioncat/otree"."platforms.linux-arm64"]
checksum = "sha256:c0b2f30f4912bd8579d9fd5213af1754645e1ce7473711658ac1f010d0c8b568"
url = "https://github.com/fioncat/otree/releases/download/v0.6.5/otree-aarch64-unknown-linux-musl.tar.gz"
url_api = "https://api.github.com/repos/fioncat/otree/releases/assets/365982084"

[tools."github:fioncat/otree"."platforms.linux-arm64-musl"]
checksum = "sha256:c0b2f30f4912bd8579d9fd5213af1754645e1ce7473711658ac1f010d0c8b568"
url = "https://github.com/fioncat/otree/releases/download/v0.6.5/otree-aarch64-unknown-linux-musl.tar.gz"
url_api = "https://api.github.com/repos/fioncat/otree/releases/assets/365982084"

[tools."github:fioncat/otree"."platforms.linux-x64"]
checksum = "sha256:35d8ea4145ac369d6d40c43fd2bc4c60de59f9494c1e1184cb26514d0b8be02e"
url = "https://github.com/fioncat/otree/releases/download/v0.6.5/otree-x86_64-unknown-linux-musl.tar.gz"
url_api = "https://api.github.com/repos/fioncat/otree/releases/assets/365982073"

[tools."github:fioncat/otree"."platforms.linux-x64-baseline"]
checksum = "sha256:35d8ea4145ac369d6d40c43fd2bc4c60de59f9494c1e1184cb26514d0b8be02e"
url = "https://github.com/fioncat/otree/releases/download/v0.6.5/otree-x86_64-unknown-linux-musl.tar.gz"
url_api = "https://api.github.com/repos/fioncat/otree/releases/assets/365982073"

[tools."github:fioncat/otree"."platforms.linux-x64-musl"]
checksum = "sha256:35d8ea4145ac369d6d40c43fd2bc4c60de59f9494c1e1184cb26514d0b8be02e"
url = "https://github.com/fioncat/otree/releases/download/v0.6.5/otree-x86_64-unknown-linux-musl.tar.gz"
url_api = "https://api.github.com/repos/fioncat/otree/releases/assets/365982073"

[tools."github:fioncat/otree"."platforms.linux-x64-musl-baseline"]
checksum = "sha256:35d8ea4145ac369d6d40c43fd2bc4c60de59f9494c1e1184cb26514d0b8be02e"
url = "https://github.com/fioncat/otree/releases/download/v0.6.5/otree-x86_64-unknown-linux-musl.tar.gz"
url_api = "https://api.github.com/repos/fioncat/otree/releases/assets/365982073"

[tools."github:fioncat/otree"."platforms.macos-arm64"]
checksum = "sha256:0d1f2e5ee7186e5e756254f0e3e517a199e6cf82b8c8fed494187a867dad3438"
url = "https://github.com/fioncat/otree/releases/download/v0.6.5/otree-aarch64-apple-darwin.tar.gz"
url_api = "https://api.github.com/repos/fioncat/otree/releases/assets/365981899"

[tools."github:fioncat/otree"."platforms.windows-x64"]
checksum = "sha256:4c1920852bc30f1842a5956d34ecfcf8564377cd9b30582669f94d1c55ebe1d7"
url = "https://github.com/fioncat/otree/releases/download/v0.6.5/otree-x86_64-pc-windows-msvc.zip"
url_api = "https://api.github.com/repos/fioncat/otree/releases/assets/365982668"

[tools."github:fioncat/otree"."platforms.windows-x64-baseline"]
checksum = "sha256:4c1920852bc30f1842a5956d34ecfcf8564377cd9b30582669f94d1c55ebe1d7"
url = "https://github.com/fioncat/otree/releases/download/v0.6.5/otree-x86_64-pc-windows-msvc.zip"
url_api = "https://api.github.com/repos/fioncat/otree/releases/assets/365982668"

[[tools."github:janosmiko/lfk"]]
version = "0.14.18"
backend = "github:janosmiko/lfk"

[tools."github:janosmiko/lfk"."platforms.linux-arm64"]
checksum = "sha256:a4b7dae899d27650a988d8429c9f7cb17426132c8af3972bfb59f12954ad99c3"
url = "https://github.com/janosmiko/lfk/releases/download/v0.14.18/lfk_0.14.18_linux_arm64.tar.gz"
url_api = "https://api.github.com/repos/janosmiko/lfk/releases/assets/457546948"
provenance = "github-attestations"

[tools."github:janosmiko/lfk"."platforms.linux-arm64-musl"]
checksum = "sha256:a4b7dae899d27650a988d8429c9f7cb17426132c8af3972bfb59f12954ad99c3"
url = "https://github.com/janosmiko/lfk/releases/download/v0.14.18/lfk_0.14.18_linux_arm64.tar.gz"
url_api = "https://api.github.com/repos/janosmiko/lfk/releases/assets/457546948"
provenance = "github-attestations"

[tools."github:janosmiko/lfk"."platforms.linux-x64"]
checksum = "sha256:71b4b84a56e7734e7b27df9cef0859493d08afe47144a961141955a853f9c265"
url = "https://github.com/janosmiko/lfk/releases/download/v0.14.18/lfk_0.14.18_linux_amd64.tar.gz"
url_api = "https://api.github.com/repos/janosmiko/lfk/releases/assets/457546947"
provenance = "github-attestations"

[tools."github:janosmiko/lfk"."platforms.linux-x64-baseline"]
checksum = "sha256:71b4b84a56e7734e7b27df9cef0859493d08afe47144a961141955a853f9c265"
url = "https://github.com/janosmiko/lfk/releases/download/v0.14.18/lfk_0.14.18_linux_amd64.tar.gz"
url_api = "https://api.github.com/repos/janosmiko/lfk/releases/assets/457546947"
provenance = "github-attestations"

[tools."github:janosmiko/lfk"."platforms.linux-x64-musl"]
checksum = "sha256:71b4b84a56e7734e7b27df9cef0859493d08afe47144a961141955a853f9c265"
url = "https://github.com/janosmiko/lfk/releases/download/v0.14.18/lfk_0.14.18_linux_amd64.tar.gz"
url_api = "https://api.github.com/repos/janosmiko/lfk/releases/assets/457546947"
provenance = "github-attestations"

[tools."github:janosmiko/lfk"."platforms.linux-x64-musl-baseline"]
checksum = "sha256:71b4b84a56e7734e7b27df9cef0859493d08afe47144a961141955a853f9c265"
url = "https://github.com/janosmiko/lfk/releases/download/v0.14.18/lfk_0.14.18_linux_amd64.tar.gz"
url_api = "https://api.github.com/repos/janosmiko/lfk/releases/assets/457546947"
provenance = "github-attestations"

[tools."github:janosmiko/lfk"."platforms.macos-arm64"]
checksum = "sha256:34252eb3f330e8f09659a72a0d65690c1dee1c6555bd726467f0057815aac5ef"
url = "https://github.com/janosmiko/lfk/releases/download/v0.14.18/lfk_0.14.18_darwin_arm64.zip"
url_api = "https://api.github.com/repos/janosmiko/lfk/releases/assets/457546976"
provenance = "github-attestations"

[tools."github:janosmiko/lfk"."platforms.macos-x64"]
checksum = "sha256:f5c5a06ef504ba366815264d58bb3f236429e476e30781e3062161d59457437a"
url = "https://github.com/janosmiko/lfk/releases/download/v0.14.18/lfk_0.14.18_darwin_amd64.zip"
url_api = "https://api.github.com/repos/janosmiko/lfk/releases/assets/457546945"
provenance = "github-attestations"

[tools."github:janosmiko/lfk"."platforms.macos-x64-baseline"]
checksum = "sha256:f5c5a06ef504ba366815264d58bb3f236429e476e30781e3062161d59457437a"
url = "https://github.com/janosmiko/lfk/releases/download/v0.14.18/lfk_0.14.18_darwin_amd64.zip"
url_api = "https://api.github.com/repos/janosmiko/lfk/releases/assets/457546945"
provenance = "github-attestations"

[tools."github:janosmiko/lfk"."platforms.windows-x64"]
checksum = "sha256:575f4d325816723f585b0ee26399c1a4093376aaf0c69f71c374bec141c8dab1"
url = "https://github.com/janosmiko/lfk/releases/download/v0.14.18/lfk_0.14.18_windows_amd64.zip"
url_api = "https://api.github.com/repos/janosmiko/lfk/releases/assets/457546975"
provenance = "github-attestations"

[tools."github:janosmiko/lfk"."platforms.windows-x64-baseline"]
checksum = "sha256:575f4d325816723f585b0ee26399c1a4093376aaf0c69f71c374bec141c8dab1"
url = "https://github.com/janosmiko/lfk/releases/download/v0.14.18/lfk_0.14.18_windows_amd64.zip"
url_api = "https://api.github.com/repos/janosmiko/lfk/releases/assets/457546975"
provenance = "github-attestations"

[[tools."github:schpet/linear-cli"]]
version = "1.10.0"
backend = "github:schpet/linear-cli"

[tools."github:schpet/linear-cli"."platforms.linux-arm64"]
checksum = "sha256:42105fbc6e53ebbc77ce955591c4cfc7e58bdbee6788c6176e6a2afc7c767e4a"
url = "https://github.com/schpet/linear-cli/releases/download/v1.10.0/linear-aarch64-unknown-linux-gnu.tar.xz"
url_api = "https://api.github.com/repos/schpet/linear-cli/releases/assets/357117232"

[tools."github:schpet/linear-cli"."platforms.linux-arm64-musl"]
checksum = "sha256:42105fbc6e53ebbc77ce955591c4cfc7e58bdbee6788c6176e6a2afc7c767e4a"
url = "https://github.com/schpet/linear-cli/releases/download/v1.10.0/linear-aarch64-unknown-linux-gnu.tar.xz"
url_api = "https://api.github.com/repos/schpet/linear-cli/releases/assets/357117232"

[tools."github:schpet/linear-cli"."platforms.linux-x64"]
checksum = "sha256:5195185247079a1fdc08cdb103101e26b1b5b1d063d5f4c1da7ec79278d37558"
url = "https://github.com/schpet/linear-cli/releases/download/v1.10.0/linear-x86_64-unknown-linux-gnu.tar.xz"
url_api = "https://api.github.com/repos/schpet/linear-cli/releases/assets/357117245"

[tools."github:schpet/linear-cli"."platforms.linux-x64-baseline"]
checksum = "sha256:5195185247079a1fdc08cdb103101e26b1b5b1d063d5f4c1da7ec79278d37558"
url = "https://github.com/schpet/linear-cli/releases/download/v1.10.0/linear-x86_64-unknown-linux-gnu.tar.xz"
url_api = "https://api.github.com/repos/schpet/linear-cli/releases/assets/357117245"

[tools."github:schpet/linear-cli"."platforms.linux-x64-musl"]
checksum = "sha256:5195185247079a1fdc08cdb103101e26b1b5b1d063d5f4c1da7ec79278d37558"
url = "https://github.com/schpet/linear-cli/releases/download/v1.10.0/linear-x86_64-unknown-linux-gnu.tar.xz"
url_api = "https://api.github.com/repos/schpet/linear-cli/releases/assets/357117245"

[tools."github:schpet/linear-cli"."platforms.linux-x64-musl-baseline"]
checksum = "sha256:5195185247079a1fdc08cdb103101e26b1b5b1d063d5f4c1da7ec79278d37558"
url = "https://github.com/schpet/linear-cli/releases/download/v1.10.0/linear-x86_64-unknown-linux-gnu.tar.xz"
url_api = "https://api.github.com/repos/schpet/linear-cli/releases/assets/357117245"

[tools."github:schpet/linear-cli"."platforms.macos-arm64"]
checksum = "sha256:829c5e00828b82673e5174ed145304ea9adae4c1258fb7eb59b18d489424ec09"
url = "https://github.com/schpet/linear-cli/releases/download/v1.10.0/linear-aarch64-apple-darwin.tar.xz"
url_api = "https://api.github.com/repos/schpet/linear-cli/releases/assets/357117229"

[tools."github:schpet/linear-cli"."platforms.macos-x64"]
checksum = "sha256:e4771c272c528eb0896ef1000412267db8050db2d18b23f81ce14cca56d1f830"
url = "https://github.com/schpet/linear-cli/releases/download/v1.10.0/linear-x86_64-apple-darwin.tar.xz"
url_api = "https://api.github.com/repos/schpet/linear-cli/releases/assets/357117236"

[tools."github:schpet/linear-cli"."platforms.macos-x64-baseline"]
checksum = "sha256:e4771c272c528eb0896ef1000412267db8050db2d18b23f81ce14cca56d1f830"
url = "https://github.com/schpet/linear-cli/releases/download/v1.10.0/linear-x86_64-apple-darwin.tar.xz"
url_api = "https://api.github.com/repos/schpet/linear-cli/releases/assets/357117236"

[tools."github:schpet/linear-cli"."platforms.windows-x64"]
checksum = "sha256:684c2476ec695dcaf6e30688aef221d41c1024793c0754c696549c2e5e12b2bf"
url = "https://github.com/schpet/linear-cli/releases/download/v1.10.0/linear-x86_64-pc-windows-msvc.zip"
url_api = "https://api.github.com/repos/schpet/linear-cli/releases/assets/357117242"

[tools."github:schpet/linear-cli"."platforms.windows-x64-baseline"]
checksum = "sha256:684c2476ec695dcaf6e30688aef221d41c1024793c0754c696549c2e5e12b2bf"
url = "https://github.com/schpet/linear-cli/releases/download/v1.10.0/linear-x86_64-pc-windows-msvc.zip"
url_api = "https://api.github.com/repos/schpet/linear-cli/releases/assets/357117242"

[[tools."github:vercel-labs/agent-browser"]]
version = "0.31.1"
backend = "github:vercel-labs/agent-browser"

[tools."github:vercel-labs/agent-browser"."platforms.linux-arm64"]
checksum = "sha256:5f80bff26b25e9a9f712be64dda1f8ea2b22213a1a07c0f97ea8f9f226c2894b"
url = "https://github.com/vercel-labs/agent-browser/releases/download/v0.31.1/agent-browser-linux-arm64"
url_api = "https://api.github.com/repos/vercel-labs/agent-browser/releases/assets/458830052"

[tools."github:vercel-labs/agent-browser"."platforms.linux-arm64-musl"]
checksum = "sha256:1ca397f714820ca954c6b575e816c08acc937ffacea2b901f5cf6524fc4a6853"
url = "https://github.com/vercel-labs/agent-browser/releases/download/v0.31.1/agent-browser-linux-musl-arm64"
url_api = "https://api.github.com/repos/vercel-labs/agent-browser/releases/assets/458830053"

[tools."github:vercel-labs/agent-browser"."platforms.linux-x64"]
checksum = "sha256:72c13bcfd2fd6b188325bdd23c646d06ca69a1a964a9cdaab37e4ff8f47aa5c6"
url = "https://github.com/vercel-labs/agent-browser/releases/download/v0.31.1/agent-browser-linux-x64"
url_api = "https://api.github.com/repos/vercel-labs/agent-browser/releases/assets/458830082"

[tools."github:vercel-labs/agent-browser"."platforms.linux-x64-baseline"]
checksum = "sha256:72c13bcfd2fd6b188325bdd23c646d06ca69a1a964a9cdaab37e4ff8f47aa5c6"
url = "https://github.com/vercel-labs/agent-browser/releases/download/v0.31.1/agent-browser-linux-x64"
url_api = "https://api.github.com/repos/vercel-labs/agent-browser/releases/assets/458830082"

[tools."github:vercel-labs/agent-browser"."platforms.linux-x64-musl"]
checksum = "sha256:b7492a3e00e52790bffbd2900c399265e6a80598276f89fb8b2fbfa314cc8d22"
url = "https://github.com/vercel-labs/agent-browser/releases/download/v0.31.1/agent-browser-linux-musl-x64"
url_api = "https://api.github.com/repos/vercel-labs/agent-browser/releases/assets/458830054"

[tools."github:vercel-labs/agent-browser"."platforms.linux-x64-musl-baseline"]
checksum = "sha256:b7492a3e00e52790bffbd2900c399265e6a80598276f89fb8b2fbfa314cc8d22"
url = "https://github.com/vercel-labs/agent-browser/releases/download/v0.31.1/agent-browser-linux-musl-x64"
url_api = "https://api.github.com/repos/vercel-labs/agent-browser/releases/assets/458830054"

[tools."github:vercel-labs/agent-browser"."platforms.macos-arm64"]
checksum = "sha256:fd7acd17b3071ff7f75a03c1ecd30501959d9c2d063bdaa05adb6f77abf2a7bf"
url = "https://github.com/vercel-labs/agent-browser/releases/download/v0.31.1/agent-browser-darwin-arm64"
url_api = "https://api.github.com/repos/vercel-labs/agent-browser/releases/assets/458830055"

[tools."github:vercel-labs/agent-browser"."platforms.macos-x64"]
checksum = "sha256:05aa3e2ed3550e06fb3eb7423a1cef0d9d6031c4d6a8835b9dbe033baf83ef6d"
url = "https://github.com/vercel-labs/agent-browser/releases/download/v0.31.1/agent-browser-darwin-x64"
url_api = "https://api.github.com/repos/vercel-labs/agent-browser/releases/assets/458830058"

[tools."github:vercel-labs/agent-browser"."platforms.macos-x64-baseline"]
checksum = "sha256:05aa3e2ed3550e06fb3eb7423a1cef0d9d6031c4d6a8835b9dbe033baf83ef6d"
url = "https://github.com/vercel-labs/agent-browser/releases/download/v0.31.1/agent-browser-darwin-x64"
url_api = "https://api.github.com/repos/vercel-labs/agent-browser/releases/assets/458830058"

[tools."github:vercel-labs/agent-browser"."platforms.windows-x64"]
checksum = "sha256:0a355020b0ff2f9199fbb7385a0b8b7e16b548bb0d6df64498b456b76898adfa"
url = "https://github.com/vercel-labs/agent-browser/releases/download/v0.31.1/agent-browser-win32-x64.exe"
url_api = "https://api.github.com/repos/vercel-labs/agent-browser/releases/assets/458830087"

[tools."github:vercel-labs/agent-browser"."platforms.windows-x64-baseline"]
checksum = "sha256:0a355020b0ff2f9199fbb7385a0b8b7e16b548bb0d6df64498b456b76898adfa"
url = "https://github.com/vercel-labs/agent-browser/releases/download/v0.31.1/agent-browser-win32-x64.exe"
url_api = "https://api.github.com/repos/vercel-labs/agent-browser/releases/assets/458830087"

[[tools.go]]
version = "1.26.4"
backend = "core:go"

[tools.go."platforms.linux-arm64"]
checksum = "sha256:ef758ae7c6cf9267c9c0ef080b8965f453d89ab2d25d9eb22de4405925238768"
url = "https://dl.google.com/go/go1.26.4.linux-arm64.tar.gz"

[tools.go."platforms.linux-arm64-musl"]
checksum = "sha256:ef758ae7c6cf9267c9c0ef080b8965f453d89ab2d25d9eb22de4405925238768"
url = "https://dl.google.com/go/go1.26.4.linux-arm64.tar.gz"

[tools.go."platforms.linux-x64"]
checksum = "sha256:1153d3d50e0ac764b447adfe05c2bcf08e889d42a02e0fe0259bd47f6733ad7f"
url = "https://dl.google.com/go/go1.26.4.linux-amd64.tar.gz"

[tools.go."platforms.linux-x64-baseline"]
checksum = "sha256:1153d3d50e0ac764b447adfe05c2bcf08e889d42a02e0fe0259bd47f6733ad7f"
url = "https://dl.google.com/go/go1.26.4.linux-amd64.tar.gz"

[tools.go."platforms.linux-x64-musl"]
checksum = "sha256:1153d3d50e0ac764b447adfe05c2bcf08e889d42a02e0fe0259bd47f6733ad7f"
url = "https://dl.google.com/go/go1.26.4.linux-amd64.tar.gz"

[tools.go."platforms.linux-x64-musl-baseline"]
checksum = "sha256:1153d3d50e0ac764b447adfe05c2bcf08e889d42a02e0fe0259bd47f6733ad7f"
url = "https://dl.google.com/go/go1.26.4.linux-amd64.tar.gz"

[tools.go."platforms.macos-arm64"]
checksum = "sha256:b62ad2b6d7d2464f12a5bcad7ff47f19d08325773b5efd21610e445a05a9bf53"
url = "https://dl.google.com/go/go1.26.4.darwin-arm64.tar.gz"

[tools.go."platforms.macos-x64"]
checksum = "sha256:05dc9b5f9997744520aaebb3d5deaa7c755371aebbfb7f97c2511a9f3367538d"
url = "https://dl.google.com/go/go1.26.4.darwin-amd64.tar.gz"

[tools.go."platforms.macos-x64-baseline"]
checksum = "sha256:05dc9b5f9997744520aaebb3d5deaa7c755371aebbfb7f97c2511a9f3367538d"
url = "https://dl.google.com/go/go1.26.4.darwin-amd64.tar.gz"

[tools.go."platforms.windows-x64"]
checksum = "sha256:3ca8fb4630b07c419cbdd51f754e31363cfcfb83b3a5354d9e895c90be2cc345"
url = "https://dl.google.com/go/go1.26.4.windows-amd64.zip"

[tools.go."platforms.windows-x64-baseline"]
checksum = "sha256:3ca8fb4630b07c419cbdd51f754e31363cfcfb83b3a5354d9e895c90be2cc345"
url = "https://dl.google.com/go/go1.26.4.windows-amd64.zip"

[[tools."http:acme.sh"]]
version = "1.0.0"
backend = "http:acme.sh"

[tools."http:acme.sh"."platforms.macos-arm64"]
checksum = "blake3:c1f68d7d63dcd16f351bdc1d851c7fc18e30d95798bee8752915bc5d083e8e85"
url = "https://raw.githubusercontent.com/acmesh-official/acme.sh/master/acme.sh"

[[tools.node]]
version = "26.4.0"
backend = "core:node"

[tools.node."platforms.linux-arm64"]
checksum = "sha256:773d9ec67266838270ddc105c2548ae8aaff28bc8fe6f34c55d1094043c4165e"
url = "https://nodejs.org/dist/v26.4.0/node-v26.4.0-linux-arm64.tar.gz"

[tools.node."platforms.linux-arm64-musl"]
checksum = "sha256:d2ad8c6e9fa955edf0337078c1d1acda345d36a84986b218cce3cfd1d2d26920"
url = "https://unofficial-builds.nodejs.org/download/release/v26.4.0/node-v26.4.0-linux-arm64-musl.tar.gz"

[tools.node."platforms.linux-x64"]
checksum = "sha256:f221dab30d0e9d544332f06fbee2c62186c97d864d5cac8482dba34f1e38b8dc"
url = "https://nodejs.org/dist/v26.4.0/node-v26.4.0-linux-x64.tar.gz"

[tools.node."platforms.linux-x64-baseline"]
checksum = "sha256:f221dab30d0e9d544332f06fbee2c62186c97d864d5cac8482dba34f1e38b8dc"
url = "https://nodejs.org/dist/v26.4.0/node-v26.4.0-linux-x64.tar.gz"

[tools.node."platforms.linux-x64-musl"]
checksum = "sha256:554e960f6570bd3d1987f5170d8f2a373a21818581a8d307b697e7839988314a"
url = "https://unofficial-builds.nodejs.org/download/release/v26.4.0/node-v26.4.0-linux-x64-musl.tar.gz"

[tools.node."platforms.linux-x64-musl-baseline"]
checksum = "sha256:554e960f6570bd3d1987f5170d8f2a373a21818581a8d307b697e7839988314a"
url = "https://unofficial-builds.nodejs.org/download/release/v26.4.0/node-v26.4.0-linux-x64-musl.tar.gz"

[tools.node."platforms.macos-arm64"]
checksum = "sha256:4f4fbcacf6b1ff1a95deedba7bd7b2d79efecaa53a8ecb0530546dc9063fefbc"
url = "https://nodejs.org/dist/v26.4.0/node-v26.4.0-darwin-arm64.tar.gz"

[tools.node."platforms.macos-x64"]
checksum = "sha256:eb3bdd8dec3ff2558ee10e284da7d2a3865af0cbda21f06d397b0265837c641e"
url = "https://nodejs.org/dist/v26.4.0/node-v26.4.0-darwin-x64.tar.gz"

[tools.node."platforms.macos-x64-baseline"]
checksum = "sha256:eb3bdd8dec3ff2558ee10e284da7d2a3865af0cbda21f06d397b0265837c641e"
url = "https://nodejs.org/dist/v26.4.0/node-v26.4.0-darwin-x64.tar.gz"

[tools.node."platforms.windows-x64"]
checksum = "sha256:5f87d038c6ec442aa46b9126f8ca170acbd2f3b9b9152ca798cf54596a31e214"
url = "https://nodejs.org/dist/v26.4.0/node-v26.4.0-win-x64.zip"

[tools.node."platforms.windows-x64-baseline"]
checksum = "sha256:5f87d038c6ec442aa46b9126f8ca170acbd2f3b9b9152ca798cf54596a31e214"
url = "https://nodejs.org/dist/v26.4.0/node-v26.4.0-win-x64.zip"

[[tools."npm:@mariozechner/pi-coding-agent"]]
version = "0.73.1"
backend = "npm:@mariozechner/pi-coding-agent"

[[tools."npm:@nubjs/nub"]]
version = "0.2.5"
backend = "npm:@nubjs/nub"

[[tools."npm:agent-browser"]]
version = "0.27.2"
backend = "npm:agent-browser"

[[tools."pipx:twg"]]
version = "2.1.4"
backend = "pipx:twg"

[[tools.usage]]
version = "3.5.3"
backend = "aqua:jdx/usage"

[tools.usage."platforms.linux-arm64"]
checksum = "sha256:c5ee535f65cadca0a0883ce0073095e1a12fc749224a79a13d57e38cbcc88dd4"
url = "https://github.com/jdx/usage/releases/download/v3.5.3/usage-aarch64-unknown-linux-musl.tar.gz"

[tools.usage."platforms.linux-arm64-musl"]
checksum = "sha256:c5ee535f65cadca0a0883ce0073095e1a12fc749224a79a13d57e38cbcc88dd4"
url = "https://github.com/jdx/usage/releases/download/v3.5.3/usage-aarch64-unknown-linux-musl.tar.gz"

[tools.usage."platforms.linux-x64"]
checksum = "sha256:678114d182273bc8a1316f3528f1f8ded047ed56b41b822656de7046e16a6deb"
url = "https://github.com/jdx/usage/releases/download/v3.5.3/usage-x86_64-unknown-linux-musl.tar.gz"

[tools.usage."platforms.linux-x64-baseline"]
checksum = "sha256:678114d182273bc8a1316f3528f1f8ded047ed56b41b822656de7046e16a6deb"
url = "https://github.com/jdx/usage/releases/download/v3.5.3/usage-x86_64-unknown-linux-musl.tar.gz"

[tools.usage."platforms.linux-x64-musl"]
checksum = "sha256:678114d182273bc8a1316f3528f1f8ded047ed56b41b822656de7046e16a6deb"
url = "https://github.com/jdx/usage/releases/download/v3.5.3/usage-x86_64-unknown-linux-musl.tar.gz"

[tools.usage."platforms.linux-x64-musl-baseline"]
checksum = "sha256:678114d182273bc8a1316f3528f1f8ded047ed56b41b822656de7046e16a6deb"
url = "https://github.com/jdx/usage/releases/download/v3.5.3/usage-x86_64-unknown-linux-musl.tar.gz"

[tools.usage."platforms.macos-arm64"]
checksum = "sha256:dc6628015c420f0e0384c95999266ca74dc19de8279b4d54667844286cf8fa13"
url = "https://github.com/jdx/usage/releases/download/v3.5.3/usage-universal-apple-darwin.tar.gz"

[tools.usage."platforms.macos-x64"]
checksum = "sha256:dc6628015c420f0e0384c95999266ca74dc19de8279b4d54667844286cf8fa13"
url = "https://github.com/jdx/usage/releases/download/v3.5.3/usage-universal-apple-darwin.tar.gz"

[tools.usage."platforms.macos-x64-baseline"]
checksum = "sha256:dc6628015c420f0e0384c95999266ca74dc19de8279b4d54667844286cf8fa13"
url = "https://github.com/jdx/usage/releases/download/v3.5.3/usage-universal-apple-darwin.tar.gz"

[tools.usage."platforms.windows-x64"]
checksum = "sha256:3cd7995171854518873f84bf60be17c8e331cad1ca180e03911fac414a7a6372"
url = "https://github.com/jdx/usage/releases/download/v3.5.3/usage-x86_64-pc-windows-msvc.zip"

[tools.usage."platforms.windows-x64-baseline"]
checksum = "sha256:3cd7995171854518873f84bf60be17c8e331cad1ca180e03911fac414a7a6372"
url = "https://github.com/jdx/usage/releases/download/v3.5.3/usage-x86_64-pc-windows-msvc.zip"

[[tools.uv]]
version = "0.11.25"
backend = "aqua:astral-sh/uv"

[tools.uv."platforms.linux-arm64"]
checksum = "sha256:3d9c9a95f1868ff20ac880712f3a337d710ea4b65f135184b7a35635d1acbf84"
url = "https://github.com/astral-sh/uv/releases/download/0.11.25/uv-aarch64-unknown-linux-musl.tar.gz"
provenance = "github-attestations"

[tools.uv."platforms.linux-arm64-musl"]
checksum = "sha256:3d9c9a95f1868ff20ac880712f3a337d710ea4b65f135184b7a35635d1acbf84"
url = "https://github.com/astral-sh/uv/releases/download/0.11.25/uv-aarch64-unknown-linux-musl.tar.gz"
provenance = "github-attestations"

[tools.uv."platforms.linux-x64"]
checksum = "sha256:7195cfcc1785d0c559d4682ad9109f26664b8db4d828d42d66078ef454061891"
url = "https://github.com/astral-sh/uv/releases/download/0.11.25/uv-x86_64-unknown-linux-musl.tar.gz"
provenance = "github-attestations"

[tools.uv."platforms.linux-x64-baseline"]
checksum = "sha256:7195cfcc1785d0c559d4682ad9109f26664b8db4d828d42d66078ef454061891"
url = "https://github.com/astral-sh/uv/releases/download/0.11.25/uv-x86_64-unknown-linux-musl.tar.gz"
provenance = "github-attestations"

[tools.uv."platforms.linux-x64-musl"]
checksum = "sha256:7195cfcc1785d0c559d4682ad9109f26664b8db4d828d42d66078ef454061891"
url = "https://github.com/astral-sh/uv/releases/download/0.11.25/uv-x86_64-unknown-linux-musl.tar.gz"
provenance = "github-attestations"

[tools.uv."platforms.linux-x64-musl-baseline"]
checksum = "sha256:7195cfcc1785d0c559d4682ad9109f26664b8db4d828d42d66078ef454061891"
url = "https://github.com/astral-sh/uv/releases/download/0.11.25/uv-x86_64-unknown-linux-musl.tar.gz"
provenance = "github-attestations"

[tools.uv."platforms.macos-arm64"]
checksum = "sha256:5fc334bb25d19806262efd1f6e7d380155c7e817d89bf426df4ba7ae873c9471"
url = "https://github.com/astral-sh/uv/releases/download/0.11.25/uv-aarch64-apple-darwin.tar.gz"
provenance = "github-attestations"

[tools.uv."platforms.macos-x64"]
checksum = "sha256:65ff85b33212f75d34d7c0f0724aba9a742c74f62559f67dc0d6c543dc2fc52f"
url = "https://github.com/astral-sh/uv/releases/download/0.11.25/uv-x86_64-apple-darwin.tar.gz"
provenance = "github-attestations"

[tools.uv."platforms.macos-x64-baseline"]
checksum = "sha256:65ff85b33212f75d34d7c0f0724aba9a742c74f62559f67dc0d6c543dc2fc52f"
url = "https://github.com/astral-sh/uv/releases/download/0.11.25/uv-x86_64-apple-darwin.tar.gz"
provenance = "github-attestations"

[tools.uv."platforms.windows-x64"]
checksum = "sha256:15bfd1423b7eaa7aae949922d4712ebaac2bb44a81af64ab59bbe007090cb0d0"
url = "https://github.com/astral-sh/uv/releases/download/0.11.25/uv-x86_64-pc-windows-msvc.zip"
provenance = "github-attestations"

[tools.uv."platforms.windows-x64-baseline"]
checksum = "sha256:15bfd1423b7eaa7aae949922d4712ebaac2bb44a81af64ab59bbe007090cb0d0"
url = "https://github.com/astral-sh/uv/releases/download/0.11.25/uv-x86_64-pc-windows-msvc.zip"
provenance = "github-attestations"
